version = 1
revision = 1
requires-python = ">=3.12"

[[package]]
name = "annotated-types"
version = "0.7.0"
source = { registry = "https://pypi.org/simple" }
sdist = { url = "https://files.pythonhosted.org/packages/ee/67/531ea369ba64dcff5ec9c3402f9f51bf748cec26dde048a2f973a4eea7f5/annotated_types-0.7.0.tar.gz", hash = "sha256:aff07c09a53a08bc8cfccb9c85b05f1aa9a2a6f23728d790723543408344ce89", size = 16081 }
wheels = [
    { url = "https://files.pythonhosted.org/packages/78/b6/6307fbef88d9b5ee7421e68d78a9f162e0da4900bc5f5793f6d3d0e34fb8/annotated_types-0.7.0-py3-none-any.whl", hash = "sha256:1f02e8b43a8fbbc3f3e0d4f0f4bfc8131bcb4eebe8849b8e5c773f3a1c582a53", size = 13643 },
]

[[package]]
name = "anyio"
version = "4.8.0"
source = { registry = "https://pypi.org/simple" }
dependencies = [
    { name = "idna" },
    { name = "sniffio" },
    { name = "typing-extensions", marker = "python_full_version < '3.13'" },
]
sdist = { url = "https://files.pythonhosted.org/packages/a3/73/199a98fc2dae33535d6b8e8e6ec01f8c1d76c9adb096c6b7d64823038cde/anyio-4.8.0.tar.gz", hash = "sha256:1d9fe889df5212298c0c0723fa20479d1b94883a2df44bd3897aa91083316f7a", size = 181126 }
wheels = [
    { url = "https://files.pythonhosted.org/packages/46/eb/e7f063ad1fec6b3178a3cd82d1a3c4de82cccf283fc42746168188e1cdd5/anyio-4.8.0-py3-none-any.whl", hash = "sha256:b5011f270ab5eb0abf13385f851315585cc37ef330dd88e27ec3d34d651fd47a", size = 96041 },
]

[[package]]
name = "certifi"
version = "2025.1.31"
source = { registry = "https://pypi.org/simple" }
sdist = { url = "https://files.pythonhosted.org/packages/1c/ab/c9f1e32b7b1bf505bf26f0ef697775960db7932abeb7b516de930ba2705f/certifi-2025.1.31.tar.gz", hash = "sha256:3d5da6925056f6f18f119200434a4780a94263f10d1c21d032a6f6b2baa20651", size = 167577 }
wheels = [
    { url = "https://files.pythonhosted.org/packages/38/fc/bce832fd4fd99766c04d1ee0eead6b0ec6486fb100ae5e74c1d91292b982/certifi-2025.1.31-py3-none-any.whl", hash = "sha256:ca78db4565a652026a4db2bcdf68f2fb589ea80d0be70e03929ed730746b84fe", size = 166393 },
]

[[package]]
name = "h11"
version = "0.14.0"
source = { registry = "https://pypi.org/simple" }
sdist = { url = "https://files.pythonhosted.org/packages/f5/38/3af3d3633a34a3316095b39c8e8fb4853a28a536e55d347bd8d8e9a14b03/h11-0.14.0.tar.gz", hash = "sha256:8f19fbbe99e72420ff35c00b27a34cb9937e902a8b810e2c88300c6f0a3b699d", size = 100418 }
wheels = [
    { url = "https://files.pythonhosted.org/packages/95/04/ff642e65ad6b90db43e668d70ffb6736436c7ce41fcc549f4e9472234127/h11-0.14.0-py3-none-any.whl", hash = "sha256:e3fe4ac4b851c468cc8363d500db52c2ead036020723024a109d37346efaa761", size = 58259 },
]

[[package]]
name = "httpcore"
version = "1.0.7"
source = { registry = "https://pypi.org/simple" }
dependencies = [
    { name = "certifi" },
    { name = "h11" },
]
sdist = { url = "https://files.pythonhosted.org/packages/6a/41/d7d0a89eb493922c37d343b607bc1b5da7f5be7e383740b4753ad8943e90/httpcore-1.0.7.tar.gz", hash = "sha256:8551cb62a169ec7162ac7be8d4817d561f60e08eaa485234898414bb5a8a0b4c", size = 85196 }
wheels = [
    { url = "https://files.pythonhosted.org/packages/87/f5/72347bc88306acb359581ac4d52f23c0ef445b57157adedb9aee0cd689d2/httpcore-1.0.7-py3-none-any.whl", hash = "sha256:a3fff8f43dc260d5bd363d9f9cf1830fa3a458b332856f34282de498ed420edd", size = 78551 },
]

[[package]]
name = "httpx"
version = "0.28.1"
source = { registry = "https://pypi.org/simple" }
dependencies = [
    { name = "anyio" },
    { name = "certifi" },
    { name = "httpcore" },
    { name = "idna" },
]
sdist = { url = "https://files.pythonhosted.org/packages/b1/df/48c586a5fe32a0f01324ee087459e112ebb7224f646c0b5023f5e79e9956/httpx-0.28.1.tar.gz", hash = "sha256:75e98c5f16b0f35b567856f597f06ff2270a374470a5c2392242528e3e3e42fc", size = 141406 }
wheels = [
    { url = "https://files.pythonhosted.org/packages/2a/39/e50c7c3a983047577ee07d2a9e53faf5a69493943ec3f6a384bdc792deb2/httpx-0.28.1-py3-none-any.whl", hash = "sha256:d909fcccc110f8c7faf814ca82a9a4d816bc5a6dbfea25d6591d6985b8ba59ad", size = 73517 },
]

[[package]]
name = "idna"
version = "3.10"
source = { registry = "https://pypi.org/simple" }
sdist = { url = "https://files.pythonhosted.org/packages/f1/70/7703c29685631f5a7590aa73f1f1d3fa9a380e654b86af429e0934a32f7d/idna-3.10.tar.gz", hash = "sha256:12f65c9b470abda6dc35cf8e63cc574b1c52b11df2c86030af0ac09b01b13ea9", size = 190490 }
wheels = [
    { url = "https://files.pythonhosted.org/packages/76/c6/c88e154df9c4e1a2a66ccf0005a88dfb2650c1dffb6f5ce603dfbd452ce3/idna-3.10-py3-none-any.whl", hash = "sha256:946d195a0d259cbba61165e88e65941f16e9b36ea6ddb97f00452bae8b1287d3", size = 70442 },
]

[[package]]
name = "ollama"
version = "0.4.7"
source = { registry = "https://pypi.org/simple" }
dependencies = [
    { name = "httpx" },
    { name = "pydantic" },
]
sdist = { url = "https://files.pythonhosted.org/packages/b0/6d/dc77539c735bbed5d0c873fb029fb86aa9f0163df169b34152914331c369/ollama-0.4.7.tar.gz", hash = "sha256:891dcbe54f55397d82d289c459de0ea897e103b86a3f1fad0fdb1895922a75ff", size = 12843 }
wheels = [
    { url = "https://files.pythonhosted.org/packages/31/83/c3ffac86906c10184c88c2e916460806b072a2cfe34cdcaf3a0c0e836d39/ollama-0.4.7-py3-none-any.whl", hash = "sha256:85505663cca67a83707be5fb3aeff0ea72e67846cea5985529d8eca4366564a1", size = 13210 },
]

[[package]]
name = "pydantic"
version = "2.10.6"
source = { registry = "https://pypi.org/simple" }
dependencies = [
    { name = "annotated-types" },
    { name = "pydantic-core" },
    { name = "typing-extensions" },
]
sdist = { url = "https://files.pythonhosted.org/packages/b7/ae/d5220c5c52b158b1de7ca89fc5edb72f304a70a4c540c84c8844bf4008de/pydantic-2.10.6.tar.gz", hash = "sha256:ca5daa827cce33de7a42be142548b0096bf05a7e7b365aebfa5f8eeec7128236", size = 761681 }
wheels = [
    { url = "https://files.pythonhosted.org/packages/f4/3c/8cc1cc84deffa6e25d2d0c688ebb80635dfdbf1dbea3e30c541c8cf4d860/pydantic-2.10.6-py3-none-any.whl", hash = "sha256:427d664bf0b8a2b34ff5dd0f5a18df00591adcee7198fbd71981054cef37b584", size = 431696 },
]

[[package]]
name = "pydantic-core"
version = "2.27.2"
source = { registry = "https://pypi.org/simple" }
dependencies = [
    { name = "typing-extensions" },
]
sdist = { url = "https://files.pythonhosted.org/packages/fc/01/f3e5ac5e7c25833db5eb555f7b7ab24cd6f8c322d3a3ad2d67a952dc0abc/pydantic_core-2.27.2.tar.gz", hash = "sha256:eb026e5a4c1fee05726072337ff51d1efb6f59090b7da90d30ea58625b1ffb39", size = 413443 }
wheels = [
    { url = "https://files.pythonhosted.org/packages/d6/74/51c8a5482ca447871c93e142d9d4a92ead74de6c8dc5e66733e22c9bba89/pydantic_core-2.27.2-cp312-cp312-macosx_10_12_x86_64.whl", hash = "sha256:9e0c8cfefa0ef83b4da9588448b6d8d2a2bf1a53c3f1ae5fca39eb3061e2f0b0", size = 1893127 },
    { url = "https://files.pythonhosted.org/packages/d3/f3/c97e80721735868313c58b89d2de85fa80fe8dfeeed84dc51598b92a135e/pydantic_core-2.27.2-cp312-cp312-macosx_11_0_arm64.whl", hash = "sha256:83097677b8e3bd7eaa6775720ec8e0405f1575015a463285a92bfdfe254529ef", size = 1811340 },
    { url = "https://files.pythonhosted.org/packages/9e/91/840ec1375e686dbae1bd80a9e46c26a1e0083e1186abc610efa3d9a36180/pydantic_core-2.27.2-cp312-cp312-manylinux_2_17_aarch64.manylinux2014_aarch64.whl", hash = "sha256:172fce187655fece0c90d90a678424b013f8fbb0ca8b036ac266749c09438cb7", size = 1822900 },
    { url = "https://files.pythonhosted.org/packages/f6/31/4240bc96025035500c18adc149aa6ffdf1a0062a4b525c932065ceb4d868/pydantic_core-2.27.2-cp312-cp312-manylinux_2_17_armv7l.manylinux2014_armv7l.whl", hash = "sha256:519f29f5213271eeeeb3093f662ba2fd512b91c5f188f3bb7b27bc5973816934", size = 1869177 },
    { url = "https://files.pythonhosted.org/packages/fa/20/02fbaadb7808be578317015c462655c317a77a7c8f0ef274bc016a784c54/pydantic_core-2.27.2-cp312-cp312-manylinux_2_17_ppc64le.manylinux2014_ppc64le.whl", hash = "sha256:05e3a55d124407fffba0dd6b0c0cd056d10e983ceb4e5dbd10dda135c31071d6", size = 2038046 },
    { url = "https://files.pythonhosted.org/packages/06/86/7f306b904e6c9eccf0668248b3f272090e49c275bc488a7b88b0823444a4/pydantic_core-2.27.2-cp312-cp312-manylinux_2_17_s390x.manylinux2014_s390x.whl", hash = "sha256:9c3ed807c7b91de05e63930188f19e921d1fe90de6b4f5cd43ee7fcc3525cb8c", size = 2685386 },
    { url = "https://files.pythonhosted.org/packages/8d/f0/49129b27c43396581a635d8710dae54a791b17dfc50c70164866bbf865e3/pydantic_core-2.27.2-cp312-cp312-manylinux_2_17_x86_64.manylinux2014_x86_64.whl", hash = "sha256:6fb4aadc0b9a0c063206846d603b92030eb6f03069151a625667f982887153e2", size = 1997060 },
    { url = "https://files.pythonhosted.org/packages/0d/0f/943b4af7cd416c477fd40b187036c4f89b416a33d3cc0ab7b82708a667aa/pydantic_core-2.27.2-cp312-cp312-manylinux_2_5_i686.manylinux1_i686.whl", hash = "sha256:28ccb213807e037460326424ceb8b5245acb88f32f3d2777427476e1b32c48c4", size = 2004870 },
    { url = "https://files.pythonhosted.org/packages/35/40/aea70b5b1a63911c53a4c8117c0a828d6790483f858041f47bab0b779f44/pydantic_core-2.27.2-cp312-cp312-musllinux_1_1_aarch64.whl", hash = "sha256:de3cd1899e2c279b140adde9357c4495ed9d47131b4a4eaff9052f23398076b3", size = 1999822 },
    { url = "https://files.pythonhosted.org/packages/f2/b3/807b94fd337d58effc5498fd1a7a4d9d59af4133e83e32ae39a96fddec9d/pydantic_core-2.27.2-cp312-cp312-musllinux_1_1_armv7l.whl", hash = "sha256:220f892729375e2d736b97d0e51466252ad84c51857d4d15f5e9692f9ef12be4", size = 2130364 },
    { url = "https://files.pythonhosted.org/packages/fc/df/791c827cd4ee6efd59248dca9369fb35e80a9484462c33c6649a8d02b565/pydantic_core-2.27.2-cp312-cp312-musllinux_1_1_x86_64.whl", hash = "sha256:a0fcd29cd6b4e74fe8ddd2c90330fd8edf2e30cb52acda47f06dd615ae72da57", size = 2158303 },
    { url = "https://files.pythonhosted.org/packages/9b/67/4e197c300976af185b7cef4c02203e175fb127e414125916bf1128b639a9/pydantic_core-2.27.2-cp312-cp312-win32.whl", hash = "sha256:1e2cb691ed9834cd6a8be61228471d0a503731abfb42f82458ff27be7b2186fc", size = 1834064 },
    { url = "https://files.pythonhosted.org/packages/1f/ea/cd7209a889163b8dcca139fe32b9687dd05249161a3edda62860430457a5/pydantic_core-2.27.2-cp312-cp312-win_amd64.whl", hash = "sha256:cc3f1a99a4f4f9dd1de4fe0312c114e740b5ddead65bb4102884b384c15d8bc9", size = 1989046 },
    { url = "https://files.pythonhosted.org/packages/bc/49/c54baab2f4658c26ac633d798dab66b4c3a9bbf47cff5284e9c182f4137a/pydantic_core-2.27.2-cp312-cp312-win_arm64.whl", hash = "sha256:3911ac9284cd8a1792d3cb26a2da18f3ca26c6908cc434a18f730dc0db7bfa3b", size = 1885092 },
    { url = "https://files.pythonhosted.org/packages/41/b1/9bc383f48f8002f99104e3acff6cba1231b29ef76cfa45d1506a5cad1f84/pydantic_core-2.27.2-cp313-cp313-macosx_10_12_x86_64.whl", hash = "sha256:7d14bd329640e63852364c306f4d23eb744e0f8193148d4044dd3dacdaacbd8b", size = 1892709 },
    { url = "https://files.pythonhosted.org/packages/10/6c/e62b8657b834f3eb2961b49ec8e301eb99946245e70bf42c8817350cbefc/pydantic_core-2.27.2-cp313-cp313-macosx_11_0_arm64.whl", hash = "sha256:82f91663004eb8ed30ff478d77c4d1179b3563df6cdb15c0817cd1cdaf34d154", size = 1811273 },
    { url = "https://files.pythonhosted.org/packages/ba/15/52cfe49c8c986e081b863b102d6b859d9defc63446b642ccbbb3742bf371/pydantic_core-2.27.2-cp313-cp313-manylinux_2_17_aarch64.manylinux2014_aarch64.whl", hash = "sha256:71b24c7d61131bb83df10cc7e687433609963a944ccf45190cfc21e0887b08c9", size = 1823027 },
    { url = "https://files.pythonhosted.org/packages/b1/1c/b6f402cfc18ec0024120602bdbcebc7bdd5b856528c013bd4d13865ca473/pydantic_core-2.27.2-cp313-cp313-manylinux_2_17_armv7l.manylinux2014_armv7l.whl", hash = "sha256:fa8e459d4954f608fa26116118bb67f56b93b209c39b008277ace29937453dc9", size = 1868888 },
    { url = "https://files.pythonhosted.org/packages/bd/7b/8cb75b66ac37bc2975a3b7de99f3c6f355fcc4d89820b61dffa8f1e81677/pydantic_core-2.27.2-cp313-cp313-manylinux_2_17_ppc64le.manylinux2014_ppc64le.whl", hash = "sha256:ce8918cbebc8da707ba805b7fd0b382816858728ae7fe19a942080c24e5b7cd1", size = 2037738 },
    { url = "https://files.pythonhosted.org/packages/c8/f1/786d8fe78970a06f61df22cba58e365ce304bf9b9f46cc71c8c424e0c334/pydantic_core-2.27.2-cp313-cp313-manylinux_2_17_s390x.manylinux2014_s390x.whl", hash = "sha256:eda3f5c2a021bbc5d976107bb302e0131351c2ba54343f8a496dc8783d3d3a6a", size = 2685138 },
    { url = "https://files.pythonhosted.org/packages/a6/74/d12b2cd841d8724dc8ffb13fc5cef86566a53ed358103150209ecd5d1999/pydantic_core-2.27.2-cp313-cp313-manylinux_2_17_x86_64.manylinux2014_x86_64.whl", hash = "sha256:bd8086fa684c4775c27f03f062cbb9eaa6e17f064307e86b21b9e0abc9c0f02e", size = 1997025 },
    { url = "https://files.pythonhosted.org/packages/a0/6e/940bcd631bc4d9a06c9539b51f070b66e8f370ed0933f392db6ff350d873/pydantic_core-2.27.2-cp313-cp313-manylinux_2_5_i686.manylinux1_i686.whl", hash = "sha256:8d9b3388db186ba0c099a6d20f0604a44eabdeef1777ddd94786cdae158729e4", size = 2004633 },
    { url = "https://files.pythonhosted.org/packages/50/cc/a46b34f1708d82498c227d5d80ce615b2dd502ddcfd8376fc14a36655af1/pydantic_core-2.27.2-cp313-cp313-musllinux_1_1_aarch64.whl", hash = "sha256:7a66efda2387de898c8f38c0cf7f14fca0b51a8ef0b24bfea5849f1b3c95af27", size = 1999404 },
    { url = "https://files.pythonhosted.org/packages/ca/2d/c365cfa930ed23bc58c41463bae347d1005537dc8db79e998af8ba28d35e/pydantic_core-2.27.2-cp313-cp313-musllinux_1_1_armv7l.whl", hash = "sha256:18a101c168e4e092ab40dbc2503bdc0f62010e95d292b27827871dc85450d7ee", size = 2130130 },
    { url = "https://files.pythonhosted.org/packages/f4/d7/eb64d015c350b7cdb371145b54d96c919d4db516817f31cd1c650cae3b21/pydantic_core-2.27.2-cp313-cp313-musllinux_1_1_x86_64.whl", hash = "sha256:ba5dd002f88b78a4215ed2f8ddbdf85e8513382820ba15ad5ad8955ce0ca19a1", size = 2157946 },
    { url = "https://files.pythonhosted.org/packages/a4/99/bddde3ddde76c03b65dfd5a66ab436c4e58ffc42927d4ff1198ffbf96f5f/pydantic_core-2.27.2-cp313-cp313-win32.whl", hash = "sha256:1ebaf1d0481914d004a573394f4be3a7616334be70261007e47c2a6fe7e50130", size = 1834387 },
    { url = "https://files.pythonhosted.org/packages/71/47/82b5e846e01b26ac6f1893d3c5f9f3a2eb6ba79be26eef0b759b4fe72946/pydantic_core-2.27.2-cp313-cp313-win_amd64.whl", hash = "sha256:953101387ecf2f5652883208769a79e48db18c6df442568a0b5ccd8c2723abee", size = 1990453 },
    { url = "https://files.pythonhosted.org/packages/51/b2/b2b50d5ecf21acf870190ae5d093602d95f66c9c31f9d5de6062eb329ad1/pydantic_core-2.27.2-cp313-cp313-win_arm64.whl", hash = "sha256:ac4dbfd1691affb8f48c2c13241a2e3b60ff23247cbcf981759c768b6633cf8b", size = 1885186 },
]

[[package]]
name = "sniffio"
version = "1.3.1"
source = { registry = "https://pypi.org/simple" }
sdist = { url = "https://files.pythonhosted.org/packages/a2/87/a6771e1546d97e7e041b6ae58d80074f81b7d5121207425c964ddf5cfdbd/sniffio-1.3.1.tar.gz", hash = "sha256:f4324edc670a0f49750a81b895f35c3adb843cca46f0530f79fc1babb23789dc", size = 20372 }
wheels = [
    { url = "https://files.pythonhosted.org/packages/e9/44/75a9c9421471a6c4805dbf2356f7c181a29c1879239abab1ea2cc8f38b40/sniffio-1.3.1-py3-none-any.whl", hash = "sha256:2f6da418d1f1e0fddd844478f41680e794e6051915791a034ff65e5f100525a2", size = 10235 },
]

[[package]]
name = "typing-extensions"
version = "4.12.2"
source = { registry = "https://pypi.org/simple" }
sdist = { url = "https://files.pythonhosted.org/packages/df/db/f35a00659bc03fec321ba8bce9420de607a1d37f8342eee1863174c69557/typing_extensions-4.12.2.tar.gz", hash = "sha256:1a7ead55c7e559dd4dee8856e3a88b41225abfe1ce8df57b7c13915fe121ffb8", size = 85321 }
wheels = [
    { url = "https://files.pythonhosted.org/packages/26/9f/ad63fc0248c5379346306f8668cda6e2e2e9c95e01216d2b8ffd9ff037d0/typing_extensions-4.12.2-py3-none-any.whl", hash = "sha256:04e5ca0351e0f3f85c6853954072df659d0d13fac324d0072316b67d7794700d", size = 37438 },
]

[[package]]
name = "websocket-mcp"
version = "0.1.0"
source = { editable = "." }
dependencies = [
    { name = "anyio" },
    { name = "ollama" },
    { name = "websockets" },
]

[package.metadata]
requires-dist = [
    { name = "anyio", specifier = ">=4.8.0" },
    { name = "ollama", specifier = ">=0.4.7" },
    { name = "websockets", specifier = ">=15.0" },
]

[[package]]
name = "websockets"
version = "15.0"
source = { registry = "https://pypi.org/simple" }
sdist = { url = "https://files.pythonhosted.org/packages/2e/7a/8bc4d15af7ff30f7ba34f9a172063bfcee9f5001d7cef04bee800a658f33/websockets-15.0.tar.gz", hash = "sha256:ca36151289a15b39d8d683fd8b7abbe26fc50be311066c5f8dcf3cb8cee107ab", size = 175574 }
wheels = [
    { url = "https://files.pythonhosted.org/packages/22/1e/92c4547d7b2a93f848aedaf37e9054111bc00dc11bff4385ca3f80dbb412/websockets-15.0-cp312-cp312-macosx_10_13_universal2.whl", hash = "sha256:cccc18077acd34c8072578394ec79563664b1c205f7a86a62e94fafc7b59001f", size = 174709 },
    { url = "https://files.pythonhosted.org/packages/9f/37/eae4830a28061ba552516d84478686b637cd9e57d6a90b45ad69e89cb0af/websockets-15.0-cp312-cp312-macosx_10_13_x86_64.whl", hash = "sha256:d4c22992e24f12de340ca5f824121a5b3e1a37ad4360b4e1aaf15e9d1c42582d", size = 172372 },
    { url = "https://files.pythonhosted.org/packages/46/2f/b409f8b8aa9328d5a47f7a301a43319d540d70cf036d1e6443675978a988/websockets-15.0-cp312-cp312-macosx_11_0_arm64.whl", hash = "sha256:1206432cc6c644f6fc03374b264c5ff805d980311563202ed7fef91a38906276", size = 172607 },
    { url = "https://files.pythonhosted.org/packages/d6/81/d7e2e4542d4b4df849b0110df1b1f94f2647b71ab4b65d672090931ad2bb/websockets-15.0-cp312-cp312-manylinux_2_17_aarch64.manylinux2014_aarch64.whl", hash = "sha256:5d3cc75ef3e17490042c47e0523aee1bcc4eacd2482796107fd59dd1100a44bc", size = 182422 },
    { url = "https://files.pythonhosted.org/packages/b6/91/3b303160938d123eea97f58be363f7dbec76e8c59d587e07b5bc257dd584/websockets-15.0-cp312-cp312-manylinux_2_5_i686.manylinux1_i686.manylinux_2_17_i686.manylinux2014_i686.whl", hash = "sha256:b89504227a5311610e4be16071465885a0a3d6b0e82e305ef46d9b064ce5fb72", size = 181362 },
    { url = "https://files.pythonhosted.org/packages/f2/8b/df6807f1ca339c567aba9a7ab03bfdb9a833f625e8d2b4fc7529e4c701de/websockets-15.0-cp312-cp312-manylinux_2_5_x86_64.manylinux1_x86_64.manylinux_2_17_x86_64.manylinux2014_x86_64.whl", hash = "sha256:56e3efe356416bc67a8e093607315951d76910f03d2b3ad49c4ade9207bf710d", size = 181787 },
    { url = "https://files.pythonhosted.org/packages/21/37/e6d3d5ebb0ebcaf98ae84904205c9dcaf3e0fe93e65000b9f08631ed7309/websockets-15.0-cp312-cp312-musllinux_1_2_aarch64.whl", hash = "sha256:0f2205cdb444a42a7919690238fb5979a05439b9dbb73dd47c863d39640d85ab", size = 182058 },
    { url = "https://files.pythonhosted.org/packages/c9/df/6aca296f2be4c638ad20908bb3d7c94ce7afc8d9b4b2b0780d1fc59b359c/websockets-15.0-cp312-cp312-musllinux_1_2_i686.whl", hash = "sha256:aea01f40995fa0945c020228ab919b8dfc93fc8a9f2d3d705ab5b793f32d9e99", size = 181434 },
    { url = "https://files.pythonhosted.org/packages/88/f1/75717a982bab39bbe63c83f9df0e7753e5c98bab907eb4fb5d97fe5c8c11/websockets-15.0-cp312-cp312-musllinux_1_2_x86_64.whl", hash = "sha256:a9f8e33747b1332db11cf7fcf4a9512bef9748cb5eb4d3f7fbc8c30d75dc6ffc", size = 181431 },
    { url = "https://files.pythonhosted.org/packages/e7/15/cee9e63ed9ac5bfc1a3ae8fc6c02c41745023c21eed622eef142d8fdd749/websockets-15.0-cp312-cp312-win32.whl", hash = "sha256:32e02a2d83f4954aa8c17e03fe8ec6962432c39aca4be7e8ee346b05a3476904", size = 175678 },
    { url = "https://files.pythonhosted.org/packages/4e/00/993974c60f40faabb725d4dbae8b072ef73b4c4454bd261d3b1d34ace41f/websockets-15.0-cp312-cp312-win_amd64.whl", hash = "sha256:ffc02b159b65c05f2ed9ec176b715b66918a674bd4daed48a9a7a590dd4be1aa", size = 176119 },
    { url = "https://files.pythonhosted.org/packages/12/23/be28dc1023707ac51768f848d28a946443041a348ee3a54abdf9f6283372/websockets-15.0-cp313-cp313-macosx_10_13_universal2.whl", hash = "sha256:d2244d8ab24374bed366f9ff206e2619345f9cd7fe79aad5225f53faac28b6b1", size = 174714 },
    { url = "https://files.pythonhosted.org/packages/8f/ff/02b5e9fbb078e7666bf3d25c18c69b499747a12f3e7f2776063ef3fb7061/websockets-15.0-cp313-cp313-macosx_10_13_x86_64.whl", hash = "sha256:3a302241fbe825a3e4fe07666a2ab513edfdc6d43ce24b79691b45115273b5e7", size = 172374 },
    { url = "https://files.pythonhosted.org/packages/8e/61/901c8d4698e0477eff4c3c664d53f898b601fa83af4ce81946650ec2a4cb/websockets-15.0-cp313-cp313-macosx_11_0_arm64.whl", hash = "sha256:10552fed076757a70ba2c18edcbc601c7637b30cdfe8c24b65171e824c7d6081", size = 172605 },
    { url = "https://files.pythonhosted.org/packages/d2/4b/dc47601a80dff317aecf8da7b4ab278d11d3494b2c373b493e4887561f90/websockets-15.0-cp313-cp313-manylinux_2_17_aarch64.manylinux2014_aarch64.whl", hash = "sha256:c53f97032b87a406044a1c33d1e9290cc38b117a8062e8a8b285175d7e2f99c9", size = 182380 },
    { url = "https://files.pythonhosted.org/packages/83/f7/b155d2b38f05ed47a0b8de1c9ea245fcd7fc625d89f35a37eccba34b42de/websockets-15.0-cp313-cp313-manylinux_2_5_i686.manylinux1_i686.manylinux_2_17_i686.manylinux2014_i686.whl", hash = "sha256:1caf951110ca757b8ad9c4974f5cac7b8413004d2f29707e4d03a65d54cedf2b", size = 181325 },
    { url = "https://files.pythonhosted.org/packages/d3/ff/040a20c01c294695cac0e361caf86f33347acc38f164f6d2be1d3e007d9f/websockets-15.0-cp313-cp313-manylinux_2_5_x86_64.manylinux1_x86_64.manylinux_2_17_x86_64.manylinux2014_x86_64.whl", hash = "sha256:8bf1ab71f9f23b0a1d52ec1682a3907e0c208c12fef9c3e99d2b80166b17905f", size = 181763 },
    { url = "https://files.pythonhosted.org/packages/cb/6a/af23e93678fda8341ac8775e85123425e45c608389d3514863c702896ea5/websockets-15.0-cp313-cp313-musllinux_1_2_aarch64.whl", hash = "sha256:bfcd3acc1a81f106abac6afd42327d2cf1e77ec905ae11dc1d9142a006a496b6", size = 182097 },
    { url = "https://files.pythonhosted.org/packages/7e/3e/1069e159c30129dc03c01513b5830237e576f47cedb888777dd885cae583/websockets-15.0-cp313-cp313-musllinux_1_2_i686.whl", hash = "sha256:c8c5c8e1bac05ef3c23722e591ef4f688f528235e2480f157a9cfe0a19081375", size = 181485 },
    { url = "https://files.pythonhosted.org/packages/9a/a7/c91c47103f1cd941b576bbc452601e9e01f67d5c9be3e0a9abe726491ab5/websockets-15.0-cp313-cp313-musllinux_1_2_x86_64.whl", hash = "sha256:86bfb52a9cfbcc09aba2b71388b0a20ea5c52b6517c0b2e316222435a8cdab72", size = 181466 },
    { url = "https://files.pythonhosted.org/packages/16/32/a4ca6e3d56c24aac46b0cf5c03b841379f6409d07fc2044b244f90f54105/websockets-15.0-cp313-cp313-win32.whl", hash = "sha256:26ba70fed190708551c19a360f9d7eca8e8c0f615d19a574292b7229e0ae324c", size = 175673 },
    { url = "https://files.pythonhosted.org/packages/c0/31/25a417a23e985b61ffa5544f9facfe4a118cb64d664c886f1244a8baeca5/websockets-15.0-cp313-cp313-win_amd64.whl", hash = "sha256:ae721bcc8e69846af00b7a77a220614d9b2ec57d25017a6bbde3a99473e41ce8", size = 176115 },
    { url = "https://files.pythonhosted.org/packages/e8/b2/31eec524b53f01cd8343f10a8e429730c52c1849941d1f530f8253b6d934/websockets-15.0-py3-none-any.whl", hash = "sha256:51ffd53c53c4442415b613497a34ba0aa7b99ac07f1e4a62db5dcd640ae6c3c3", size = 169023 },
]
